PODS:
  - Alamofire (5.0.0-rc.3)
  - Nimble (8.0.4)
  - Quick (2.2.0)

DEPENDENCIES:
  - Alamofire (~> 5.0.0-rc.3)
  - Nimble (~> 8.0)
  - Quick (~> 2.2)

SPEC REPOS:
  trunk:
    - Alamofire
    - Nimble
    - Quick

SPEC CHECKSUMS:
  Alamofire: ca8c0de6906873be89d6deec5c8de279e00bf872
  Nimble: 18d5360282923225d62b09d781f63abc1a0111fc
  Quick: 7fb19e13be07b5dfb3b90d4f9824c855a11af40e

PODFILE CHECKSUM: 610ff899d336e27e717cff91111ff3d37ce90346

COCOAPODS: 1.8.4
